version: 1.0
shards:
  dotenv:
    github: gdotdesign/cr-dotenv
    commit: 68702bfa0a3c7eda9aa448c36d2d68dcecce7677

  kemal:
    github: sdogruyol/kemal
    version: 0.14.1

  kilt:
    github: jeromegn/kilt
    version: 0.3.3

  pg:
    github: will/crystal-pg
    version: 0.9.1

  radix:
    github: luislavena/radix
    version: 0.3.0

