version: 1.0
shards:
  dotenv:
    github: gdotdesign/cr-dotenv
    commit: 345a63900ab84ac702f2fff37c39cc089fe47f74

  kemal:
    github: sdogruyol/kemal
    commit: e5a9035a6111fdcfa781e3b8695a0878753cabee

  kemal-pg:
    github: sdogruyol/kemal-pg
    commit: f529d34156f111962d5d95abc3635df2b12975ad

  kilt:
    github: jeromegn/kilt
    version: 0.3.3

  pg:
    github: will/crystal-pg
    commit: cafe74083faacb8aedd7097e768504fa7b0a7d57

  pool:
    github: ysbaddaden/pool
    commit: c4ecfad1b87fbd8c6484d1fd536ccfd14c40cc94

  radix:
    github: luislavena/radix
    version: 0.3.0

