version: 1.0
shards:
  kemal:
    github: sdogruyol/kemal
    version: 0.9.2

  kemal-pg:
    github: sdogruyol/kemal-pg
    version: 0.4.0

  kilt:
    github: jeromegn/kilt
    version: 0.3.0

  pg:
    github: will/crystal-pg
    commit: cafe58f3062b54e71ee5d5bcaafc7e584ae10d18

  pool:
    github: ysbaddaden/pool
    commit: b2c519adaf4f7ef5a60b2027cd039f932db0b086

  radix:
    github: luislavena/radix
    version: 0.1.0

